# THIS IS AN AUTOGENERATED FILE. DO NOT EDIT THIS FILE DIRECTLY.
# yarn lockfile v1


"@sindresorhus/df@^1.0.1":
  version "1.0.1"
  resolved "http://registry.npm.taobao.org/@sindresorhus/df/download/@sindresorhus/df-1.0.1.tgz#c69b66f52f6fcdd287c807df210305dbaf78500d"

ansi-regex@^2.0.0:
  version "2.1.1"
  resolved "http://registry.npm.taobao.org/ansi-regex/download/ansi-regex-2.1.1.tgz#c3b33ab5ee360d86e0e628f0468ae7ef27d654df"

ansi-styles@^2.2.1:
  version "2.2.1"
  resolved "http://registry.npm.taobao.org/ansi-styles/download/ansi-styles-2.2.1.tgz#b432dd3358b634cf75e1e4664368240533c1ddbe"

array-union@^1.0.1:
  version "1.0.2"
  resolved "http://registry.npm.taobao.org/array-union/download/array-union-1.0.2.tgz#9a34410e4f4e3da23dea375be5be70f24778ec39"
  dependencies:
    array-uniq "^1.0.1"

array-uniq@^1.0.1:
  version "1.0.3"
  resolved "http://registry.npm.taobao.org/array-uniq/download/array-uniq-1.0.3.tgz#af6ac877a25cc7f74e058894753858dfdb24fdb6"

babel-code-frame@^6.22.0:
  version "6.22.0"
  resolved "http://registry.npm.taobao.org/babel-code-frame/download/babel-code-frame-6.22.0.tgz#027620bee567a88c32561574e7fd0801d33118e4"
  dependencies:
    chalk "^1.1.0"
    esutils "^2.0.2"
    js-tokens "^3.0.0"

babel-generator@^6.19.0:
  version "6.22.0"
  resolved "http://registry.npm.taobao.org/babel-generator/download/babel-generator-6.22.0.tgz#d642bf4961911a8adc7c692b0c9297f325cda805"
  dependencies:
    babel-messages "^6.22.0"
    babel-runtime "^6.22.0"
    babel-types "^6.22.0"
    detect-indent "^4.0.0"
    jsesc "^1.3.0"
    lodash "^4.2.0"
    source-map "^0.5.0"

babel-messages@^6.22.0:
  version "6.22.0"
  resolved "http://registry.npm.taobao.org/babel-messages/download/babel-messages-6.22.0.tgz#36066a214f1217e4ed4164867669ecb39e3ea575"
  dependencies:
    babel-runtime "^6.22.0"

babel-runtime@^6.22.0:
  version "6.22.0"
  resolved "http://registry.npm.taobao.org/babel-runtime/download/babel-runtime-6.22.0.tgz#1cf8b4ac67c77a4ddb0db2ae1f74de52ac4ca611"
  dependencies:
    core-js "^2.4.0"
    regenerator-runtime "^0.10.0"

babel-traverse@^6.19.0:
  version "6.22.1"
  resolved "http://registry.npm.taobao.org/babel-traverse/download/babel-traverse-6.22.1.tgz#3b95cd6b7427d6f1f757704908f2fc9748a5f59f"
  dependencies:
    babel-code-frame "^6.22.0"
    babel-messages "^6.22.0"
    babel-runtime "^6.22.0"
    babel-types "^6.22.0"
    babylon "^6.15.0"
    debug "^2.2.0"
    globals "^9.0.0"
    invariant "^2.2.0"
    lodash "^4.2.0"

babel-types@^6.21.0, babel-types@^6.22.0:
  version "6.22.0"
  resolved "http://registry.npm.taobao.org/babel-types/download/babel-types-6.22.0.tgz#2a447e8d0ea25d2512409e4175479fd78cc8b1db"
  dependencies:
    babel-runtime "^6.22.0"
    esutils "^2.0.2"
    lodash "^4.2.0"
    to-fast-properties "^1.0.1"

babylon@^6.14.1, babylon@^6.15.0:
  version "6.15.0"
  resolved "http://registry.npm.taobao.org/babylon/download/babylon-6.15.0.tgz#ba65cfa1a80e1759b0e89fb562e27dccae70348e"

balanced-match@^0.4.1:
  version "0.4.2"
  resolved "http://registry.npm.taobao.org/balanced-match/download/balanced-match-0.4.2.tgz#cb3f3e3c732dc0f01ee70b403f302e61d7709838"

brace-expansion@^1.0.0:
  version "1.1.6"
  resolved "http://registry.npm.taobao.org/brace-expansion/download/brace-expansion-1.1.6.tgz#7197d7eaa9b87e648390ea61fc66c84427420df9"
  dependencies:
    balanced-match "^0.4.1"
    concat-map "0.0.1"

builtin-modules@^1.1.1:
  version "1.1.1"
  resolved "http://registry.npm.taobao.org/builtin-modules/download/builtin-modules-1.1.1.tgz#270f076c5a72c02f5b65a47df94c5fe3a278892f"

chalk@^1.1.0:
  version "1.1.3"
  resolved "http://registry.npm.taobao.org/chalk/download/chalk-1.1.3.tgz#a8115c55e4a702fe4d150abd3872822a7e09fc98"
  dependencies:
    ansi-styles "^2.2.1"
    escape-string-regexp "^1.0.2"
    has-ansi "^2.0.0"
    strip-ansi "^3.0.0"
    supports-color "^2.0.0"

colors@^1.1.2:
  version "1.1.2"
  resolved "http://registry.npm.taobao.org/colors/download/colors-1.1.2.tgz#168a4701756b6a7f51a12ce0c97bfa28c084ed63"

commander@^2.9.0:
  version "2.9.0"
  resolved "http://registry.npm.taobao.org/commander/download/commander-2.9.0.tgz#9c99094176e12240cb22d6c5146098400fe0f7d4"
  dependencies:
    graceful-readlink ">= 1.0.0"

concat-map@0.0.1:
  version "0.0.1"
  resolved "http://registry.npm.taobao.org/concat-map/download/concat-map-0.0.1.tgz#d8a96bd77fd68df7793a73036a3ba0d5405d477b"

contains-path@^0.1.0:
  version "0.1.0"
  resolved "http://registry.npm.taobao.org/contains-path/download/contains-path-0.1.0.tgz#fe8cf184ff6670b6baef01a9d4861a5cbec4120a"

core-js@^2.4.0:
  version "2.4.1"
  resolved "http://registry.npm.taobao.org/core-js/download/core-js-2.4.1.tgz#4de911e667b0eae9124e34254b53aea6fc618d3e"

cross-spawn-async@^2.1.1:
  version "2.2.5"
  resolved "http://registry.npm.taobao.org/cross-spawn-async/download/cross-spawn-async-2.2.5.tgz#845ff0c0834a3ded9d160daca6d390906bb288cc"
  dependencies:
    lru-cache "^4.0.0"
    which "^1.2.8"

cross-spawn@^4.0.0:
  version "4.0.2"
  resolved "http://registry.npm.taobao.org/cross-spawn/download/cross-spawn-4.0.2.tgz#7b9247621c23adfdd3856004a823cbe397424d41"
  dependencies:
    lru-cache "^4.0.1"
    which "^1.2.9"

debug@2.2.0:
  version "2.2.0"
  resolved "http://registry.npm.taobao.org/debug/download/debug-2.2.0.tgz#f87057e995b1a1f6ae6a4960664137bc56f039da"
  dependencies:
    ms "0.7.1"

debug@^2.2.0:
  version "2.6.1"
  resolved "http://registry.npm.taobao.org/debug/download/debug-2.6.1.tgz#79855090ba2c4e3115cc7d8769491d58f0491351"
  dependencies:
    ms "0.7.2"

detect-indent@^4.0.0:
  version "4.0.0"
  resolved "http://registry.npm.taobao.org/detect-indent/download/detect-indent-4.0.0.tgz#f76d064352cdf43a1cb6ce619c4ee3a9475de208"
  dependencies:
    repeating "^2.0.0"

diff@^3.1.0:
  version "3.2.0"
  resolved "http://registry.npm.taobao.org/diff/download/diff-3.2.0.tgz#c9ce393a4b7cbd0b058a725c93df299027868ff9"

doctrine@1.5.0:
  version "1.5.0"
  resolved "http://registry.npm.taobao.org/doctrine/download/doctrine-1.5.0.tgz#379dce730f6166f76cefa4e6707a159b02c5a6fa"
  dependencies:
    esutils "^2.0.2"
    isarray "^1.0.0"

escape-string-applescript@^1.0.0:
  version "1.0.0"
  resolved "http://registry.npm.taobao.org/escape-string-applescript/download/escape-string-applescript-1.0.0.tgz#6f1c2294245d82c63bc03338dc19a94aa8428892"

escape-string-regexp@^1.0.2:
  version "1.0.5"
  resolved "http://registry.npm.taobao.org/escape-string-regexp/download/escape-string-regexp-1.0.5.tgz#1b61c0562190a8dff6ae3bb2cf0200ca130b86d4"

eslint-config-airbnb-base@^10.0.1:
  version "10.0.1"
  resolved "http://registry.npm.taobao.org/eslint-config-airbnb-base/download/eslint-config-airbnb-base-10.0.1.tgz#f17d4e52992c1d45d1b7713efbcd5ecd0e7e0506"

eslint-import-resolver-node@^0.2.0:
  version "0.2.3"
  resolved "http://registry.npm.taobao.org/eslint-import-resolver-node/download/eslint-import-resolver-node-0.2.3.tgz#5add8106e8c928db2cba232bcd9efa846e3da16c"
  dependencies:
    debug "^2.2.0"
    object-assign "^4.0.1"
    resolve "^1.1.6"

eslint-module-utils@^2.0.0:
  version "2.0.0"
  resolved "http://registry.npm.taobao.org/eslint-module-utils/download/eslint-module-utils-2.0.0.tgz#a6f8c21d901358759cdc35dbac1982ae1ee58bce"
  dependencies:
    debug "2.2.0"
    pkg-dir "^1.0.0"

eslint-plugin-import@^2.2.0:
  version "2.2.0"
  resolved "http://registry.npm.taobao.org/eslint-plugin-import/download/eslint-plugin-import-2.2.0.tgz#72ba306fad305d67c4816348a4699a4229ac8b4e"
  dependencies:
    builtin-modules "^1.1.1"
    contains-path "^0.1.0"
    debug "^2.2.0"
    doctrine "1.5.0"
    eslint-import-resolver-node "^0.2.0"
    eslint-module-utils "^2.0.0"
    has "^1.0.1"
    lodash.cond "^4.3.0"
    minimatch "^3.0.3"
    pkg-up "^1.0.0"

esutils@^2.0.2:
  version "2.0.2"
  resolved "http://registry.npm.taobao.org/esutils/download/esutils-2.0.2.tgz#0abf4f1caa5bcb1f7a9d8acc6dea4faaa04bac9b"

execa@^0.4.0:
  version "0.4.0"
  resolved "http://registry.npm.taobao.org/execa/download/execa-0.4.0.tgz#4eb6467a36a095fabb2970ff9d5e3fb7bce6ebc3"
  dependencies:
    cross-spawn-async "^2.1.1"
    is-stream "^1.1.0"
    npm-run-path "^1.0.0"
    object-assign "^4.0.1"
    path-key "^1.0.0"
    strip-eof "^1.0.0"

find-up@^1.0.0:
  version "1.1.2"
  resolved "http://registry.npm.taobao.org/find-up/download/find-up-1.1.2.tgz#6b2e9822b1a2ce0a60ab64d610eccad53cb24d0f"
  dependencies:
    path-exists "^2.0.0"
    pinkie-promise "^2.0.0"

fs-extra@^0.30.0:
  version "0.30.0"
  resolved "http://registry.npm.taobao.org/fs-extra/download/fs-extra-0.30.0.tgz#f233ffcc08d4da7d432daa449776989db1df93f0"
  dependencies:
    graceful-fs "^4.1.2"
    jsonfile "^2.1.0"
    klaw "^1.0.0"
    path-is-absolute "^1.0.0"
    rimraf "^2.2.8"

fs.realpath@^1.0.0:
  version "1.0.0"
  resolved "http://registry.npm.taobao.org/fs.realpath/download/fs.realpath-1.0.0.tgz#1504ad2523158caa40db4a2787cb01411994ea4f"

function-bind@^1.0.2:
  version "1.1.0"
  resolved "http://registry.npm.taobao.org/function-bind/download/function-bind-1.1.0.tgz#16176714c801798e4e8f2cf7f7529467bb4a5771"

glob@^7.0.0, glob@^7.0.3, glob@^7.0.5:
  version "7.1.1"
  resolved "http://registry.npm.taobao.org/glob/download/glob-7.1.1.tgz#805211df04faaf1c63a3600306cdf5ade50b2ec8"
  dependencies:
    fs.realpath "^1.0.0"
    inflight "^1.0.4"
    inherits "2"
    minimatch "^3.0.2"
    once "^1.3.0"
    path-is-absolute "^1.0.0"

globals@^9.0.0:
  version "9.14.0"
  resolved "http://registry.npm.taobao.org/globals/download/globals-9.14.0.tgz#8859936af0038741263053b39d0e76ca241e4034"

globby@^6.0.0:
  version "6.1.0"
  resolved "http://registry.npm.taobao.org/globby/download/globby-6.1.0.tgz#f5a6d70e8395e21c858fb0489d64df02424d506c"
  dependencies:
    array-union "^1.0.1"
    glob "^7.0.3"
    object-assign "^4.0.1"
    pify "^2.0.0"
    pinkie-promise "^2.0.0"

graceful-fs@^4.1.2, graceful-fs@^4.1.6, graceful-fs@^4.1.9:
  version "4.1.11"
  resolved "http://registry.npm.taobao.org/graceful-fs/download/graceful-fs-4.1.11.tgz#0e8bdfe4d1ddb8854d64e04ea7c00e2a026e5658"

"graceful-readlink@>= 1.0.0":
  version "1.0.1"
  resolved "http://registry.npm.taobao.org/graceful-readlink/download/graceful-readlink-1.0.1.tgz#4cafad76bc62f02fa039b2f94e9a3dd3a391a725"

has-ansi@^2.0.0:
  version "2.0.0"
  resolved "http://registry.npm.taobao.org/has-ansi/download/has-ansi-2.0.0.tgz#34f5049ce1ecdf2b0649af3ef24e45ed35416d91"
  dependencies:
    ansi-regex "^2.0.0"

has@^1.0.1:
  version "1.0.1"
  resolved "http://registry.npm.taobao.org/has/download/has-1.0.1.tgz#8461733f538b0837c9361e39a9ab9e9704dc2f28"
  dependencies:
    function-bind "^1.0.2"

inflight@^1.0.4:
  version "1.0.6"
  resolved "http://registry.npm.taobao.org/inflight/download/inflight-1.0.6.tgz#49bd6331d7d02d0c09bc910a1075ba8165b56df9"
  dependencies:
    once "^1.3.0"
    wrappy "1"

inherits@2:
  version "2.0.3"
  resolved "http://registry.npm.taobao.org/inherits/download/inherits-2.0.3.tgz#633c2c83e3da42a502f52466022480f4208261de"

interpret@^1.0.0:
  version "1.0.1"
  resolved "http://registry.npm.taobao.org/interpret/download/interpret-1.0.1.tgz#d579fb7f693b858004947af39fa0db49f795602c"

invariant@^2.2.0:
  version "2.2.2"
  resolved "http://registry.npm.taobao.org/invariant/download/invariant-2.2.2.tgz#9e1f56ac0acdb6bf303306f338be3b204ae60360"
  dependencies:
    loose-envify "^1.0.0"

is-finite@^1.0.0:
  version "1.0.2"
  resolved "http://registry.npm.taobao.org/is-finite/download/is-finite-1.0.2.tgz#cc6677695602be550ef11e8b4aa6305342b6d0aa"
  dependencies:
    number-is-nan "^1.0.0"

is-stream@^1.1.0:
  version "1.1.0"
  resolved "http://registry.npm.taobao.org/is-stream/download/is-stream-1.1.0.tgz#12d4a3dd4e68e0b79ceb8dbc84173ae80d91ca44"

isarray@^1.0.0:
  version "1.0.0"
  resolved "http://registry.npm.taobao.org/isarray/download/isarray-1.0.0.tgz#bb935d48582cba168c06834957a54a3e07124f11"

isexe@^1.1.1:
  version "1.1.2"
  resolved "http://registry.npm.taobao.org/isexe/download/isexe-1.1.2.tgz#36f3e22e60750920f5e7241a476a8c6a42275ad0"

js-tokens@^3.0.0:
  version "3.0.1"
  resolved "http://registry.npm.taobao.org/js-tokens/download/js-tokens-3.0.1.tgz#08e9f132484a2c45a30907e9dc4d5567b7f114d7"

jsesc@^1.3.0:
  version "1.3.0"
  resolved "http://registry.npm.taobao.org/jsesc/download/jsesc-1.3.0.tgz#46c3fec8c1892b12b0833db9bc7622176dbab34b"

jsonfile@^2.1.0:
  version "2.4.0"
  resolved "http://registry.npm.taobao.org/jsonfile/download/jsonfile-2.4.0.tgz#3736a2b428b87bbda0cc83b53fa3d633a35c2ae8"
  optionalDependencies:
    graceful-fs "^4.1.6"

klaw@^1.0.0:
  version "1.3.1"
  resolved "http://registry.npm.taobao.org/klaw/download/klaw-1.3.1.tgz#4088433b46b3b1ba259d78785d8e96f73ba02439"
  optionalDependencies:
    graceful-fs "^4.1.9"

lodash.cond@^4.3.0:
  version "4.5.2"
  resolved "http://registry.npm.taobao.org/lodash.cond/download/lodash.cond-4.5.2.tgz#f471a1da486be60f6ab955d17115523dd1d255d5"

lodash@^4.15.0, lodash@^4.2.0:
  version "4.17.4"
  resolved "http://registry.npm.taobao.org/lodash/download/lodash-4.17.4.tgz#78203a4d1c328ae1d86dca6460e369b57f4055ae"

loose-envify@^1.0.0:
  version "1.3.1"
  resolved "http://registry.npm.taobao.org/loose-envify/download/loose-envify-1.3.1.tgz#d1a8ad33fa9ce0e713d65fdd0ac8b748d478c848"
  dependencies:
    js-tokens "^3.0.0"

lru-cache@^4.0.0, lru-cache@^4.0.1:
  version "4.0.2"
  resolved "http://registry.npm.taobao.org/lru-cache/download/lru-cache-4.0.2.tgz#1d17679c069cda5d040991a09dbc2c0db377e55e"
  dependencies:
    pseudomap "^1.0.1"
    yallist "^2.0.0"

minimatch@^3.0.2, minimatch@^3.0.3:
  version "3.0.3"
  resolved "http://registry.npm.taobao.org/minimatch/download/minimatch-3.0.3.tgz#2a4e4090b96b2db06a9d7df01055a62a77c9b774"
  dependencies:
    brace-expansion "^1.0.0"

minimist@^1.2.0:
  version "1.2.0"
  resolved "http://registry.npm.taobao.org/minimist/download/minimist-1.2.0.tgz#a35008b20f41383eec1fb914f4cd5df79a264284"

mount-point@^1.0.0:
  version "1.2.0"
  resolved "http://registry.npm.taobao.org/mount-point/download/mount-point-1.2.0.tgz#f7712295e1ecd8df2e42ecbe23e07a3660807851"
  dependencies:
    "@sindresorhus/df" "^1.0.1"

ms@0.7.1:
  version "0.7.1"
  resolved "http://registry.npm.taobao.org/ms/download/ms-0.7.1.tgz#9cd13c03adbff25b65effde7ce864ee952017098"

ms@0.7.2:
  version "0.7.2"
  resolved "http://registry.npm.taobao.org/ms/download/ms-0.7.2.tgz#ae25cf2512b3885a1d95d7f037868d8431124765"

npm-path@^2.0.2:
  version "2.0.3"
  resolved "http://registry.npm.taobao.org/npm-path/download/npm-path-2.0.3.tgz#15cff4e1c89a38da77f56f6055b24f975dfb2bbe"
  dependencies:
    which "^1.2.10"

npm-run-path@^1.0.0:
  version "1.0.0"
  resolved "http://registry.npm.taobao.org/npm-run-path/download/npm-run-path-1.0.0.tgz#f5c32bf595fe81ae927daec52e82f8b000ac3c8f"
  dependencies:
    path-key "^1.0.0"

npm-run@^4.1.0:
  version "4.1.0"
  resolved "http://registry.npm.taobao.org/npm-run/download/npm-run-4.1.0.tgz#a14e0ec854d8e837cc871495eb3644dde8a2f46b"
  dependencies:
    cross-spawn "^4.0.0"
    minimist "^1.2.0"
    npm-path "^2.0.2"
    npm-which "^3.0.1"
    serializerr "^1.0.2"
    sync-exec "^0.6.2"

npm-which@^3.0.1:
  version "3.0.1"
  resolved "http://registry.npm.taobao.org/npm-which/download/npm-which-3.0.1.tgz#9225f26ec3a285c209cae67c3b11a6b4ab7140aa"
  dependencies:
    commander "^2.9.0"
    npm-path "^2.0.2"
    which "^1.2.10"

number-is-nan@^1.0.0:
  version "1.0.1"
  resolved "http://registry.npm.taobao.org/number-is-nan/download/number-is-nan-1.0.1.tgz#097b602b53422a522c1afb8790318336941a011d"

object-assign@^4.0.1:
  version "4.1.1"
  resolved "http://registry.npm.taobao.org/object-assign/download/object-assign-4.1.1.tgz#2109adc7965887cfc05cbbd442cac8bfbb360863"

once@^1.3.0:
  version "1.4.0"
  resolved "http://registry.npm.taobao.org/once/download/once-1.4.0.tgz#583b1aa775961d4b113ac17d9c50baef9dd76bd1"
  dependencies:
    wrappy "1"

path-exists@^2.0.0:
  version "2.1.0"
  resolved "http://registry.npm.taobao.org/path-exists/download/path-exists-2.1.0.tgz#0feb6c64f0fc518d9a754dd5efb62c7022761f4b"
  dependencies:
    pinkie-promise "^2.0.0"

path-exists@^3.0.0:
  version "3.0.0"
  resolved "http://registry.npm.taobao.org/path-exists/download/path-exists-3.0.0.tgz#ce0ebeaa5f78cb18925ea7d810d7b59b010fd515"

path-is-absolute@^1.0.0:
  version "1.0.1"
  resolved "http://registry.npm.taobao.org/path-is-absolute/download/path-is-absolute-1.0.1.tgz#174b9268735534ffbc7ace6bf53a5a9e1b5c5f5f"

path-key@^1.0.0:
  version "1.0.0"
  resolved "http://registry.npm.taobao.org/path-key/download/path-key-1.0.0.tgz#5d53d578019646c0d68800db4e146e6bdc2ac7af"

pify@^2.0.0, pify@^2.2.0, pify@^2.3.0:
  version "2.3.0"
  resolved "http://registry.npm.taobao.org/pify/download/pify-2.3.0.tgz#ed141a6ac043a849ea588498e7dca8b15330e90c"

pinkie-promise@^1.0.0:
  version "1.0.0"
  resolved "http://registry.npm.taobao.org/pinkie-promise/download/pinkie-promise-1.0.0.tgz#d1da67f5482563bb7cf57f286ae2822ecfbf3670"
  dependencies:
    pinkie "^1.0.0"

pinkie-promise@^2.0.0:
  version "2.0.1"
  resolved "http://registry.npm.taobao.org/pinkie-promise/download/pinkie-promise-2.0.1.tgz#2135d6dfa7a358c069ac9b178776288228450ffa"
  dependencies:
    pinkie "^2.0.0"

pinkie@^1.0.0:
  version "1.0.0"
  resolved "http://registry.npm.taobao.org/pinkie/download/pinkie-1.0.0.tgz#5a47f28ba1015d0201bda7bf0f358e47bec8c7e4"

pinkie@^2.0.0:
  version "2.0.4"
  resolved "http://registry.npm.taobao.org/pinkie/download/pinkie-2.0.4.tgz#72556b80cfa0d48a974e80e77248e80ed4f7f870"

pkg-dir@^1.0.0:
  version "1.0.0"
  resolved "http://registry.npm.taobao.org/pkg-dir/download/pkg-dir-1.0.0.tgz#7a4b508a8d5bb2d629d447056ff4e9c9314cf3d4"
  dependencies:
    find-up "^1.0.0"

pkg-up@^1.0.0:
  version "1.0.0"
  resolved "http://registry.npm.taobao.org/pkg-up/download/pkg-up-1.0.0.tgz#3e08fb461525c4421624a33b9f7e6d0af5b05a26"
  dependencies:
    find-up "^1.0.0"

protochain@^1.0.5:
  version "1.0.5"
  resolved "http://registry.npm.taobao.org/protochain/download/protochain-1.0.5.tgz#991c407e99de264aadf8f81504b5e7faf7bfa260"

pseudomap@^1.0.1:
  version "1.0.2"
  resolved "http://registry.npm.taobao.org/pseudomap/download/pseudomap-1.0.2.tgz#f052a28da70e618917ef0a8ac34c1ae5a68286b3"

rechoir@^0.6.2:
  version "0.6.2"
  resolved "http://registry.npm.taobao.org/rechoir/download/rechoir-0.6.2.tgz#85204b54dba82d5742e28c96756ef43af50e3384"
  dependencies:
    resolve "^1.1.6"

redux-saga@^0.14.3:
  version "0.14.3"
  resolved "http://registry.npm.taobao.org/redux-saga/download/redux-saga-0.14.3.tgz#28cd2c5b49cf780a1de25875765724150c630513"

regenerator-runtime@^0.10.0:
  version "0.10.1"
  resolved "http://registry.npm.taobao.org/regenerator-runtime/download/regenerator-runtime-0.10.1.tgz#257f41961ce44558b18f7814af48c17559f9faeb"

rekit-core@next:
  version "2.0.0-alpha.5"
  resolved "http://registry.npm.taobao.org/rekit-core/download/rekit-core-2.0.0-alpha.5.tgz#c62c1e2f6463d50db4528b4b419fd84d56d890db"
  dependencies:
    babel-generator "^6.19.0"
    babel-traverse "^6.19.0"
    babel-types "^6.21.0"
    babylon "^6.14.1"
    colors "^1.1.2"
    diff "^3.1.0"
    eslint-config-airbnb-base "^10.0.1"
    eslint-plugin-import "^2.2.0"
    lodash "^4.15.0"
    npm-run "^4.1.0"
    shelljs "^0.7.4"
    trash "^4.0.0"

repeating@^2.0.0:
  version "2.0.1"
  resolved "http://registry.npm.taobao.org/repeating/download/repeating-2.0.1.tgz#5214c53a926d3552707527fbab415dbc08d06dda"
  dependencies:
    is-finite "^1.0.0"

resolve@^1.1.6:
  version "1.2.0"
  resolved "http://registry.npm.taobao.org/resolve/download/resolve-1.2.0.tgz#9589c3f2f6149d1417a40becc1663db6ec6bc26c"

rimraf@^2.2.8:
  version "2.5.4"
  resolved "http://registry.npm.taobao.org/rimraf/download/rimraf-2.5.4.tgz#96800093cbf1a0c86bd95b4625467535c29dfa04"
  dependencies:
    glob "^7.0.5"

run-applescript@^3.0.0:
  version "3.0.0"
  resolved "http://registry.npm.taobao.org/run-applescript/download/run-applescript-3.0.0.tgz#08252093def5b42d1b58654b16c2df9888e27bd7"
  dependencies:
    execa "^0.4.0"

serializerr@^1.0.2:
  version "1.0.3"
  resolved "http://registry.npm.taobao.org/serializerr/download/serializerr-1.0.3.tgz#12d4c5aa1c3ffb8f6d1dc5f395aa9455569c3f91"
  dependencies:
    protochain "^1.0.5"

shelljs@^0.7.4:
  version "0.7.6"
  resolved "http://registry.npm.taobao.org/shelljs/download/shelljs-0.7.6.tgz#379cccfb56b91c8601e4793356eb5382924de9ad"
  dependencies:
    glob "^7.0.0"
    interpret "^1.0.0"
    rechoir "^0.6.2"

source-map@^0.5.0:
  version "0.5.6"
  resolved "http://registry.npm.taobao.org/source-map/download/source-map-0.5.6.tgz#75ce38f52bf0733c5a7f0c118d81334a2bb5f412"

strip-ansi@^3.0.0:
  version "3.0.1"
  resolved "http://registry.npm.taobao.org/strip-ansi/download/strip-ansi-3.0.1.tgz#6a385fb8853d952d5ff05d0e8aaf94278dc63dcf"
  dependencies:
    ansi-regex "^2.0.0"

strip-eof@^1.0.0:
  version "1.0.0"
  resolved "http://registry.npm.taobao.org/strip-eof/download/strip-eof-1.0.0.tgz#bb43ff5598a6eb05d89b59fcd129c983313606bf"

supports-color@^2.0.0:
  version "2.0.0"
  resolved "http://registry.npm.taobao.org/supports-color/download/supports-color-2.0.0.tgz#535d045ce6b6363fa40117084629995e9df324c7"

sync-exec@^0.6.2:
  version "0.6.2"
  resolved "http://registry.npm.taobao.org/sync-exec/download/sync-exec-0.6.2.tgz#717d22cc53f0ce1def5594362f3a89a2ebb91105"

to-fast-properties@^1.0.1:
  version "1.0.2"
  resolved "http://registry.npm.taobao.org/to-fast-properties/download/to-fast-properties-1.0.2.tgz#f3f5c0c3ba7299a7ef99427e44633257ade43320"

trash@^4.0.0:
  version "4.0.0"
  resolved "http://registry.npm.taobao.org/trash/download/trash-4.0.0.tgz#7436f263f59d48a00b5a6e53d822ecdcde21e139"
  dependencies:
    escape-string-applescript "^1.0.0"
    fs-extra "^0.30.0"
    globby "^6.0.0"
    path-exists "^3.0.0"
    pify "^2.3.0"
    run-applescript "^3.0.0"
    uuid "^2.0.1"
    xdg-trashdir "^2.0.0"

user-home@^1.0.0, user-home@^1.1.0:
  version "1.1.1"
  resolved "http://registry.npm.taobao.org/user-home/download/user-home-1.1.1.tgz#2b5be23a32b63a7c9deb8d0f28d485724a3df190"

uuid@^2.0.1:
  version "2.0.3"
  resolved "http://registry.npm.taobao.org/uuid/download/uuid-2.0.3.tgz#67e2e863797215530dff318e5bf9dcebfd47b21a"

which@^1.2.10, which@^1.2.8, which@^1.2.9:
  version "1.2.12"
  resolved "http://registry.npm.taobao.org/which/download/which-1.2.12.tgz#de67b5e450269f194909ef23ece4ebe416fa1192"
  dependencies:
    isexe "^1.1.1"

wrappy@1:
  version "1.0.2"
  resolved "http://registry.npm.taobao.org/wrappy/download/wrappy-1.0.2.tgz#b5243d8f3ec1aa35f1364605bc0d1036e30ab69f"

xdg-basedir@^1.0.0:
  version "1.0.1"
  resolved "http://registry.npm.taobao.org/xdg-basedir/download/xdg-basedir-1.0.1.tgz#14ff8f63a4fdbcb05d5b6eea22b36f3033b9f04e"
  dependencies:
    user-home "^1.0.0"

xdg-trashdir@^2.0.0:
  version "2.1.0"
  resolved "http://registry.npm.taobao.org/xdg-trashdir/download/xdg-trashdir-2.1.0.tgz#57e33efed7e68d68fd46b5d7344abab37107030c"
  dependencies:
    "@sindresorhus/df" "^1.0.1"
    mount-point "^1.0.0"
    pify "^2.2.0"
    pinkie-promise "^1.0.0"
    user-home "^1.1.0"
    xdg-basedir "^1.0.0"

yallist@^2.0.0:
  version "2.0.0"
  resolved "http://registry.npm.taobao.org/yallist/download/yallist-2.0.0.tgz#306c543835f09ee1a4cb23b7bce9ab341c91cdd4"
